
Microsoft Visual Studio Solution File, Format Version 12.00
# Visual Studio Version 17
VisualStudioVersion = 17.0.31903.59
MinimumVisualStudioVersion = 10.0.40219.1
Project("{2150E333-8FDC-42A3-9474-1A3956D46DE8}") = "src", "src", "{BC3EC1E3-0810-4B17-A77D-82FA1C8A9A15}"
EndProject
Project("{FAE04EC0-301F-11D3-BF4B-00C04F79EFBC}") = "BuberDinner.Api", "src\BuberDinner.Api\BuberDinner.Api.csproj", "{FA31966E-4EED-498C-AA0E-E9A8AE1D7CC5}"
EndProject
Project("{FAE04EC0-301F-11D3-BF4B-00C04F79EFBC}") = "BuberDinner.Application", "src\BuberDinner.Application\BuberDinner.Application.csproj", "{7A968C95-B8D2-4AA2-8738-3A065A85DEE5}"
EndProject
Project("{FAE04EC0-301F-11D3-BF4B-00C04F79EFBC}") = "BuberDinner.Contracts", "src\BuberDinner.Contracts\BuberDinner.Contracts.csproj", "{2138FCD3-3EF8-4868-B146-9B068DEE94FE}"
EndProject
Project("{FAE04EC0-301F-11D3-BF4B-00C04F79EFBC}") = "BuberDinner.Domain", "src\BuberDinner.Domain\BuberDinner.Domain.csproj", "{97288C5B-1E6A-4020-9A60-33EA46DFC7D0}"
EndProject
Project("{FAE04EC0-301F-11D3-BF4B-00C04F79EFBC}") = "BuberDinner.Infrastructure", "src\BuberDinner.Infrastructure\BuberDinner.Infrastructure.csproj", "{44BF22D3-179B-455E-8020-4107655AF050}"
EndProject
Project("{2150E333-8FDC-42A3-9474-1A3956D46DE8}") = "tests", "tests", "{2F6444A3-CA92-4B90-B911-FC2BAA191408}"
EndProject
Project("{2150E333-8FDC-42A3-9474-1A3956D46DE8}") = "UnitTests", "UnitTests", "{1A1312D7-D651-4243-929A-17E71A771584}"
EndProject
Project("{FAE04EC0-301F-11D3-BF4B-00C04F79EFBC}") = "BuberDinner.Api.UnitTest", "tests\UnitTests\BuberDinner.Api.UnitTest\BuberDinner.Api.UnitTest.csproj", "{E3CF558C-4B9E-48B7-A93A-FA9A8B02A4C3}"
EndProject
Project("{FAE04EC0-301F-11D3-BF4B-00C04F79EFBC}") = "BuberDinner.Infrastructure.UnitTest", "tests\UnitTests\BuberDinner.Infrastructure.UnitTest\BuberDinner.Infrastructure.UnitTest.csproj", "{69250432-3EA1-4889-8D5A-5367411DF54C}"
EndProject
Global
	GlobalSection(SolutionConfigurationPlatforms) = preSolution
		Debug|Any CPU = Debug|Any CPU
		Release|Any CPU = Release|Any CPU
	EndGlobalSection
	GlobalSection(SolutionProperties) = preSolution
		HideSolutionNode = FALSE
	EndGlobalSection
	GlobalSection(ProjectConfigurationPlatforms) = postSolution
		{FA31966E-4EED-498C-AA0E-E9A8AE1D7CC5}.Debug|Any CPU.ActiveCfg = Debug|Any CPU
		{FA31966E-4EED-498C-AA0E-E9A8AE1D7CC5}.Debug|Any CPU.Build.0 = Debug|Any CPU
		{FA31966E-4EED-498C-AA0E-E9A8AE1D7CC5}.Release|Any CPU.ActiveCfg = Release|Any CPU
		{FA31966E-4EED-498C-AA0E-E9A8AE1D7CC5}.Release|Any CPU.Build.0 = Release|Any CPU
		{7A968C95-B8D2-4AA2-8738-3A065A85DEE5}.Debug|Any CPU.ActiveCfg = Debug|Any CPU
		{7A968C95-B8D2-4AA2-8738-3A065A85DEE5}.Debug|Any CPU.Build.0 = Debug|Any CPU
		{7A968C95-B8D2-4AA2-8738-3A065A85DEE5}.Release|Any CPU.ActiveCfg = Release|Any CPU
		{7A968C95-B8D2-4AA2-8738-3A065A85DEE5}.Release|Any CPU.Build.0 = Release|Any CPU
		{2138FCD3-3EF8-4868-B146-9B068DEE94FE}.Debug|Any CPU.ActiveCfg = Debug|Any CPU
		{2138FCD3-3EF8-4868-B146-9B068DEE94FE}.Debug|Any CPU.Build.0 = Debug|Any CPU
		{2138FCD3-3EF8-4868-B146-9B068DEE94FE}.Release|Any CPU.ActiveCfg = Release|Any CPU
		{2138FCD3-3EF8-4868-B146-9B068DEE94FE}.Release|Any CPU.Build.0 = Release|Any CPU
		{97288C5B-1E6A-4020-9A60-33EA46DFC7D0}.Debug|Any CPU.ActiveCfg = Debug|Any CPU
		{97288C5B-1E6A-4020-9A60-33EA46DFC7D0}.Debug|Any CPU.Build.0 = Debug|Any CPU
		{97288C5B-1E6A-4020-9A60-33EA46DFC7D0}.Release|Any CPU.ActiveCfg = Release|Any CPU
		{97288C5B-1E6A-4020-9A60-33EA46DFC7D0}.Release|Any CPU.Build.0 = Release|Any CPU
		{44BF22D3-179B-455E-8020-4107655AF050}.Debug|Any CPU.ActiveCfg = Debug|Any CPU
		{44BF22D3-179B-455E-8020-4107655AF050}.Debug|Any CPU.Build.0 = Debug|Any CPU
		{44BF22D3-179B-455E-8020-4107655AF050}.Release|Any CPU.ActiveCfg = Release|Any CPU
		{44BF22D3-179B-455E-8020-4107655AF050}.Release|Any CPU.Build.0 = Release|Any CPU
		{E3CF558C-4B9E-48B7-A93A-FA9A8B02A4C3}.Debug|Any CPU.ActiveCfg = Debug|Any CPU
		{E3CF558C-4B9E-48B7-A93A-FA9A8B02A4C3}.Debug|Any CPU.Build.0 = Debug|Any CPU
		{E3CF558C-4B9E-48B7-A93A-FA9A8B02A4C3}.Release|Any CPU.ActiveCfg = Release|Any CPU
		{E3CF558C-4B9E-48B7-A93A-FA9A8B02A4C3}.Release|Any CPU.Build.0 = Release|Any CPU
		{69250432-3EA1-4889-8D5A-5367411DF54C}.Debug|Any CPU.ActiveCfg = Debug|Any CPU
		{69250432-3EA1-4889-8D5A-5367411DF54C}.Debug|Any CPU.Build.0 = Debug|Any CPU
		{69250432-3EA1-4889-8D5A-5367411DF54C}.Release|Any CPU.ActiveCfg = Release|Any CPU
		{69250432-3EA1-4889-8D5A-5367411DF54C}.Release|Any CPU.Build.0 = Release|Any CPU
	EndGlobalSection
	GlobalSection(NestedProjects) = preSolution
		{FA31966E-4EED-498C-AA0E-E9A8AE1D7CC5} = {BC3EC1E3-0810-4B17-A77D-82FA1C8A9A15}
		{7A968C95-B8D2-4AA2-8738-3A065A85DEE5} = {BC3EC1E3-0810-4B17-A77D-82FA1C8A9A15}
		{2138FCD3-3EF8-4868-B146-9B068DEE94FE} = {BC3EC1E3-0810-4B17-A77D-82FA1C8A9A15}
		{97288C5B-1E6A-4020-9A60-33EA46DFC7D0} = {BC3EC1E3-0810-4B17-A77D-82FA1C8A9A15}
		{44BF22D3-179B-455E-8020-4107655AF050} = {BC3EC1E3-0810-4B17-A77D-82FA1C8A9A15}
		{1A1312D7-D651-4243-929A-17E71A771584} = {2F6444A3-CA92-4B90-B911-FC2BAA191408}
		{E3CF558C-4B9E-48B7-A93A-FA9A8B02A4C3} = {1A1312D7-D651-4243-929A-17E71A771584}
		{69250432-3EA1-4889-8D5A-5367411DF54C} = {1A1312D7-D651-4243-929A-17E71A771584}
	EndGlobalSection
EndGlobal
