
Microsoft Visual Studio Solution File, Format Version 12.00
# Visual Studio Version 17
VisualStudioVersion = 17.0.31903.59
MinimumVisualStudioVersion = 10.0.40219.1
Project("{FAE04EC0-301F-11D3-BF4B-00C04F79EFBC}") = "BuberDinner.Api", "BuberDinner.Api\BuberDinner.Api.csproj", "{FC206113-0F0E-4DC3-9589-DBCB938D0271}"
EndProject
Project("{FAE04EC0-301F-11D3-BF4B-00C04F79EFBC}") = "BuberDinner.Application", "BuberDinner.Application\BuberDinner.Application.csproj", "{6BDB6D0B-ABA0-404C-A5EF-2E6FF74E526D}"
EndProject
Project("{FAE04EC0-301F-11D3-BF4B-00C04F79EFBC}") = "BuberDinner.Contracts", "BuberDinner.Contracts\BuberDinner.Contracts.csproj", "{83C57B84-30F7-4128-A45D-C4ADDE113083}"
EndProject
Project("{FAE04EC0-301F-11D3-BF4B-00C04F79EFBC}") = "BuberDinner.Domain", "BuberDinner.Domain\BuberDinner.Domain.csproj", "{56266584-0207-4FDD-B8E9-F121AF1EBEB3}"
EndProject
Project("{FAE04EC0-301F-11D3-BF4B-00C04F79EFBC}") = "BuberDinner.Infrastructure", "BuberDinner.Infrastructure\BuberDinner.Infrastructure.csproj", "{B82D4802-AA4E-4E9A-A714-5C20AB727BC3}"
EndProject
Global
	GlobalSection(SolutionConfigurationPlatforms) = preSolution
		Debug|Any CPU = Debug|Any CPU
		Release|Any CPU = Release|Any CPU
	EndGlobalSection
	GlobalSection(SolutionProperties) = preSolution
		HideSolutionNode = FALSE
	EndGlobalSection
	GlobalSection(ProjectConfigurationPlatforms) = postSolution
		{FC206113-0F0E-4DC3-9589-DBCB938D0271}.Debug|Any CPU.ActiveCfg = Debug|Any CPU
		{FC206113-0F0E-4DC3-9589-DBCB938D0271}.Debug|Any CPU.Build.0 = Debug|Any CPU
		{FC206113-0F0E-4DC3-9589-DBCB938D0271}.Release|Any CPU.ActiveCfg = Release|Any CPU
		{FC206113-0F0E-4DC3-9589-DBCB938D0271}.Release|Any CPU.Build.0 = Release|Any CPU
		{6BDB6D0B-ABA0-404C-A5EF-2E6FF74E526D}.Debug|Any CPU.ActiveCfg = Debug|Any CPU
		{6BDB6D0B-ABA0-404C-A5EF-2E6FF74E526D}.Debug|Any CPU.Build.0 = Debug|Any CPU
		{6BDB6D0B-ABA0-404C-A5EF-2E6FF74E526D}.Release|Any CPU.ActiveCfg = Release|Any CPU
		{6BDB6D0B-ABA0-404C-A5EF-2E6FF74E526D}.Release|Any CPU.Build.0 = Release|Any CPU
		{83C57B84-30F7-4128-A45D-C4ADDE113083}.Debug|Any CPU.ActiveCfg = Debug|Any CPU
		{83C57B84-30F7-4128-A45D-C4ADDE113083}.Debug|Any CPU.Build.0 = Debug|Any CPU
		{83C57B84-30F7-4128-A45D-C4ADDE113083}.Release|Any CPU.ActiveCfg = Release|Any CPU
		{83C57B84-30F7-4128-A45D-C4ADDE113083}.Release|Any CPU.Build.0 = Release|Any CPU
		{56266584-0207-4FDD-B8E9-F121AF1EBEB3}.Debug|Any CPU.ActiveCfg = Debug|Any CPU
		{56266584-0207-4FDD-B8E9-F121AF1EBEB3}.Debug|Any CPU.Build.0 = Debug|Any CPU
		{56266584-0207-4FDD-B8E9-F121AF1EBEB3}.Release|Any CPU.ActiveCfg = Release|Any CPU
		{56266584-0207-4FDD-B8E9-F121AF1EBEB3}.Release|Any CPU.Build.0 = Release|Any CPU
		{B82D4802-AA4E-4E9A-A714-5C20AB727BC3}.Debug|Any CPU.ActiveCfg = Debug|Any CPU
		{B82D4802-AA4E-4E9A-A714-5C20AB727BC3}.Debug|Any CPU.Build.0 = Debug|Any CPU
		{B82D4802-AA4E-4E9A-A714-5C20AB727BC3}.Release|Any CPU.ActiveCfg = Release|Any CPU
		{B82D4802-AA4E-4E9A-A714-5C20AB727BC3}.Release|Any CPU.Build.0 = Release|Any CPU
	EndGlobalSection
EndGlobal
